{
  "name": "hackme-package",
  "lockfileVersion": 3,
  "requires": true,
  "packages": {
    "": {
      "name": "hackme-package",
      "workspaces": [
        "packages/*"
      ]
    },
    "node_modules/@npmcli/ci-detect": {
      "version": "1.4.0",
      "resolved": "https://registry.npmjs.org/@npmcli/ci-detect/-/ci-detect-1.4.0.tgz",
      "integrity": "sha512-3BGrt6FLjqM6br5AhWRKTr3u5GIVkjRYeAFrMp3HjnfICrg4xOrVRwFavKT6tsp++bq5dluL5t8ME/Nha/6c1Q==",
      "deprecated": "this package has been deprecated, use `ci-info` instead",
      "license": "ISC"
    },
    "node_modules/@selfpentest/bin-confusion": {
      "resolved": "packages/bin-confusion",
      "link": true
    },
    "node_modules/@selfpentest/bundled-lies": {
      "resolved": "packages/bundled-lies",
      "link": true
    },
    "node_modules/@selfpentest/eslint-pentest-plugin": {
      "resolved": "packages/eslint-pentest-plugin",
      "link": true
    },
    "node_modules/@selfpentest/notpasswdstrength": {
      "resolved": "packages/notpasswdstrength",
      "link": true
    },
    "node_modules/@selfpentest/pentest-my-ci": {
      "resolved": "packages/pentest-my-ci",
      "link": true
    },
    "node_modules/@selfpentest/webpack-plugin": {
      "resolved": "packages/webpack-plugin",
      "link": true
    },
    "packages/bin-confusion": {
      "name": "@selfpentest/bin-confusion",
      "version": "1.0.0",
      "license": "MIT",
      "bin": {
        "npm": "npm.js"
      }
    },
    "packages/bundled-lies": {
      "name": "@selfpentest/bundled-lies",
      "version": "1.0.0",
      "bundleDependencies": [
        "bcrypt"
      ],
      "license": "Apache2.0",
      "dependencies": {
        "bcrypt": "*"
      }
    },
    "packages/bundled-lies/node_modules/bcrypt": {
      "version": "1.0.0",
      "hasInstallScript": true,
      "inBundle": true,
      "license": "ISC"
    },
    "packages/eslint-pentest-plugin": {
      "name": "@selfpentest/eslint-pentest-plugin",
      "version": "1.0.0",
      "license": "MIT"
    },
    "packages/notpasswdstrength": {
      "name": "@selfpentest/notpasswdstrength",
      "version": "1.1.1",
      "license": "MIT"
    },
    "packages/pentest-my-ci": {
      "name": "@selfpentest/pentest-my-ci",
      "version": "1.1.0",
      "hasInstallScript": true,
      "license": "Apache2.0",
      "dependencies": {
        "@npmcli/ci-detect": "^1.3.0"
      }
    },
    "packages/webpack-plugin": {
      "name": "@selfpentest/webpack-plugin",
      "version": "1.0.0",
      "license": "MIT"
    }
  }
}
